
Microsoft Visual Studio Solution File, Format Version 12.00
# Visual Studio Version 17
VisualStudioVersion = 17.7.34031.279
MinimumVisualStudioVersion = 10.0.40219.1
Project("{FAE04EC0-301F-11D3-BF4B-00C04F79EFBC}") = "SimpleUserAPIs", "SimpleUserAPIs\SimpleUserAPIs.csproj", "{CAEB04B4-D4D8-45A3-9F49-6C8405E2146D}"
EndProject
Global
	GlobalSection(SolutionConfigurationPlatforms) = preSolution
		Debug|Any CPU = Debug|Any CPU
		Release|Any CPU = Release|Any CPU
	EndGlobalSection
	GlobalSection(ProjectConfigurationPlatforms) = postSolution
		{CAEB04B4-D4D8-45A3-9F49-6C8405E2146D}.Debug|Any CPU.ActiveCfg = Debug|Any CPU
		{CAEB04B4-D4D8-45A3-9F49-6C8405E2146D}.Debug|Any CPU.Build.0 = Debug|Any CPU
		{CAEB04B4-D4D8-45A3-9F49-6C8405E2146D}.Release|Any CPU.ActiveCfg = Release|Any CPU
		{CAEB04B4-D4D8-45A3-9F49-6C8405E2146D}.Release|Any CPU.Build.0 = Release|Any CPU
	EndGlobalSection
	GlobalSection(SolutionProperties) = preSolution
		HideSolutionNode = FALSE
	EndGlobalSection
	GlobalSection(ExtensibilityGlobals) = postSolution
		SolutionGuid = {5694502D-A7E5-4E3C-A2AB-9501BE88E2DD}
	EndGlobalSection
EndGlobal
